
Microsoft Visual Studio Solution File, Format Version 12.00
# Visual Studio Version 16
VisualStudioVersion = 16.0.29609.76
MinimumVisualStudioVersion = 10.0.40219.1
Project("{FAE04EC0-301F-11D3-BF4B-00C04F79EFBC}") = "MedzoidSite", "MedzoidSite\MedzoidSite.csproj", "{DD6CF9CA-09F3-4012-B482-0C45AA9C2BE2}"
EndProject
Global
	GlobalSection(SolutionConfigurationPlatforms) = preSolution
		Debug|Any CPU = Debug|Any CPU
		Release|Any CPU = Release|Any CPU
	EndGlobalSection
	GlobalSection(ProjectConfigurationPlatforms) = postSolution
		{DD6CF9CA-09F3-4012-B482-0C45AA9C2BE2}.Debug|Any CPU.ActiveCfg = Debug|Any CPU
		{DD6CF9CA-09F3-4012-B482-0C45AA9C2BE2}.Debug|Any CPU.Build.0 = Debug|Any CPU
		{DD6CF9CA-09F3-4012-B482-0C45AA9C2BE2}.Release|Any CPU.ActiveCfg = Release|Any CPU
		{DD6CF9CA-09F3-4012-B482-0C45AA9C2BE2}.Release|Any CPU.Build.0 = Release|Any CPU
	EndGlobalSection
	GlobalSection(SolutionProperties) = preSolution
		HideSolutionNode = FALSE
	EndGlobalSection
	GlobalSection(ExtensibilityGlobals) = postSolution
		SolutionGuid = {F68D79B7-6EC5-4226-A089-8F6979AD92EA}
	EndGlobalSection
EndGlobal
